
Microsoft Visual Studio Solution File, Format Version 12.00
# Visual Studio Version 17
VisualStudioVersion = 17.9.34728.123
MinimumVisualStudioVersion = 10.0.40219.1
Project("{9A19103F-16F7-4668-BE54-9A1E7A4F7556}") = "TimeTracker", "TimeTracker\TimeTracker.csproj", "{C922A7C4-5C1D-4797-9E73-0DC4D8911622}"
EndProject
Project("{2150E333-8FDC-42A3-9474-1A3956D46DE8}") = "Solution Items", "Solution Items", "{20D67EB8-CD89-4082-88FE-CFE6FE39DCDC}"
	ProjectSection(SolutionItems) = preProject
		README.md = README.md
	EndProjectSection
EndProject
Global
	GlobalSection(SolutionConfigurationPlatforms) = preSolution
		Debug|Any CPU = Debug|Any CPU
		Release|Any CPU = Release|Any CPU
	EndGlobalSection
	GlobalSection(ProjectConfigurationPlatforms) = postSolution
		{C922A7C4-5C1D-4797-9E73-0DC4D8911622}.Debug|Any CPU.ActiveCfg = Debug|Any CPU
		{C922A7C4-5C1D-4797-9E73-0DC4D8911622}.Debug|Any CPU.Build.0 = Debug|Any CPU
		{C922A7C4-5C1D-4797-9E73-0DC4D8911622}.Release|Any CPU.ActiveCfg = Release|Any CPU
		{C922A7C4-5C1D-4797-9E73-0DC4D8911622}.Release|Any CPU.Build.0 = Release|Any CPU
	EndGlobalSection
	GlobalSection(SolutionProperties) = preSolution
		HideSolutionNode = FALSE
	EndGlobalSection
	GlobalSection(ExtensibilityGlobals) = postSolution
		SolutionGuid = {1D32B098-88FA-430D-95D0-007A3DD24E7C}
	EndGlobalSection
EndGlobal
